// !$*UTF8*$!
{
	archiveVersion = 1;
	classes = {
	};
	objectVersion = 46;
	objects = {

/* Begin PBXBuildFile section */
		68B26B031D1931B100B5D891 /* main.m in Sources */ = {isa = PBXBuildFile; fileRef = 68B26B021D1931B100B5D891 /* main.m */; };
		68B26B061D1931B100B5D891 /* AppDelegate.m in Sources */ = {isa = PBXBuildFile; fileRef = 68B26B051D1931B100B5D891 /* AppDelegate.m */; };
		68B26B091D1931B100B5D891 /* ViewController.m in Sources */ = {isa = PBXBuildFile; fileRef = 68B26B081D1931B100B5D891 /* ViewController.m */; };
		68B26B0C1D1931B100B5D891 /* Main.storyboard in Resources */ = {isa = PBXBuildFile; fileRef = 68B26B0A1D1931B100B5D891 /* Main.storyboard */; };
		68B26B0E1D1931B100B5D891 /* Assets.xcassets in Resources */ = {isa = PBXBuildFile; fileRef = 68B26B0D1D1931B100B5D891 /* Assets.xcassets */; };
		68B26B111D1931B100B5D891 /* LaunchScreen.storyboard in Resources */ = {isa = PBXBuildFile; fileRef = 68B26B0F1D1931B100B5D891 /* LaunchScreen.storyboard */; };
		68B26B1C1D1931B100B5D891 /* ___________Tests.m in Sources */ = {isa = PBXBuildFile; fileRef = 68B26B1B1D1931B100B5D891 /* ___________Tests.m */; };
		68B26B271D1931B100B5D891 /* ___________UITests.m in Sources */ = {isa = PBXBuildFile; fileRef = 68B26B261D1931B100B5D891 /* ___________UITests.m */; };
		68B26B351D1931F800B5D891 /* PeopleNumber.plist in Resources */ = {isa = PBXBuildFile; fileRef = 68B26B341D1931F800B5D891 /* PeopleNumber.plist */; };
/* End PBXBuildFile section */

/* Begin PBXContainerItemProxy section */
		68B26B181D1931B100B5D891 /* PBXContainerItemProxy */ = {
			isa = PBXContainerItemProxy;
			containerPortal = 68B26AF61D1931B100B5D891 /* Project object */;
			proxyType = 1;
			remoteGlobalIDString = 68B26AFD1D1931B100B5D891;
			remoteInfo = "通讯录右侧字母点击效果";
		};
		68B26B231D1931B100B5D891 /* PBXContainerItemProxy */ = {
			isa = PBXContainerItemProxy;
			containerPortal = 68B26AF61D1931B100B5D891 /* Project object */;
			proxyType = 1;
			remoteGlobalIDString = 68B26AFD1D1931B100B5D891;
			remoteInfo = "通讯录右侧字母点击效果";
		};
/* End PBXContainerItemProxy section */

/* Begin PBXFileReference section */
		68B26AFE1D1931B100B5D891 /* 通讯录右侧字母点击效果.app */ = {isa = PBXFileReference; explicitFileType = wrapper.application; includeInIndex = 0; path = "通讯录右侧字母点击效果.app"; sourceTree = BUILT_PRODUCTS_DIR; };
		68B26B021D1931B100B5D891 /* main.m */ = {isa = PBXFileReference; lastKnownFileType = sourcecode.c.objc; path = main.m; sourceTree = "<group>"; };
		68B26B041D1931B100B5D891 /* AppDelegate.h */ = {isa = PBXFileReference; lastKnownFileType = sourcecode.c.h; path = AppDelegate.h; sourceTree = "<group>"; };
		68B26B051D1931B100B5D891 /* AppDelegate.m */ = {isa = PBXFileReference; lastKnownFileType = sourcecode.c.objc; path = AppDelegate.m; sourceTree = "<group>"; };
		68B26B071D1931B100B5D891 /* ViewController.h */ = {isa = PBXFileReference; lastKnownFileType = sourcecode.c.h; path = ViewController.h; sourceTree = "<group>"; };
		68B26B081D1931B100B5D891 /* ViewController.m */ = {isa = PBXFileReference; lastKnownFileType = sourcecode.c.objc; path = ViewController.m; sourceTree = "<group>"; };
		68B26B0B1D1931B100B5D891 /* Base */ = {isa = PBXFileReference; lastKnownFileType = file.storyboard; name = Base; path = Base.lproj/Main.storyboard; sourceTree = "<group>"; };
		68B26B0D1D1931B100B5D891 /* Assets.xcassets */ = {isa = PBXFileReference; lastKnownFileType = folder.assetcatalog; path = Assets.xcassets; sourceTree = "<group>"; };
		68B26B101D1931B100B5D891 /* Base */ = {isa = PBXFileReference; lastKnownFileType = file.storyboard; name = Base; path = Base.lproj/LaunchScreen.storyboard; sourceTree = "<group>"; };
		68B26B121D1931B100B5D891 /* Info.plist */ = {isa = PBXFileReference; lastKnownFileType = text.plist.xml; path = Info.plist; sourceTree = "<group>"; };
		68B26B171D1931B100B5D891 /* 通讯录右侧字母点击效果Tests.xctest */ = {isa = PBXFileReference; explicitFileType = wrapper.cfbundle; includeInIndex = 0; path = "通讯录右侧字母点击效果Tests.xctest"; sourceTree = BUILT_PRODUCTS_DIR; };
		68B26B1B1D1931B100B5D891 /* ___________Tests.m */ = {isa = PBXFileReference; lastKnownFileType = sourcecode.c.objc; path = "___________Tests.m"; sourceTree = "<group>"; };
		68B26B1D1D1931B100B5D891 /* Info.plist */ = {isa = PBXFileReference; lastKnownFileType = text.plist.xml; path = Info.plist; sourceTree = "<group>"; };
		68B26B221D1931B100B5D891 /* 通讯录右侧字母点击效果UITests.xctest */ = {isa = PBXFileReference; explicitFileType = wrapper.cfbundle; includeInIndex = 0; path = "通讯录右侧字母点击效果UITests.xctest"; sourceTree = BUILT_PRODUCTS_DIR; };
		68B26B261D1931B100B5D891 /* ___________UITests.m */ = {isa = PBXFileReference; lastKnownFileType = sourcecode.c.objc; path = "___________UITests.m"; sourceTree = "<group>"; };
		68B26B281D1931B100B5D891 /* Info.plist */ = {isa = PBXFileReference; lastKnownFileType = text.plist.xml; path = Info.plist; sourceTree = "<group>"; };
		68B26B341D1931F800B5D891 /* PeopleNumber.plist */ = {isa = PBXFileReference; fileEncoding = 4; lastKnownFileType = text.plist.xml; path = PeopleNumber.plist; sourceTree = "<group>"; };
/* End PBXFileReference section */

/* Begin PBXFrameworksBuildPhase section */
		68B26AFB1D1931B100B5D891 /* Frameworks */ = {
			isa = PBXFrameworksBuildPhase;
			buildActionMask = 2147483647;
			files = (
			);
			runOnlyForDeploymentPostprocessing = 0;
		};
		68B26B141D1931B100B5D891 /* Frameworks */ = {
			isa = PBXFrameworksBuildPhase;
			buildActionMask = 2147483647;
			files = (
			);
			runOnlyForDeploymentPostprocessing = 0;
		};
		68B26B1F1D1931B100B5D891 /* Frameworks */ = {
			isa = PBXFrameworksBuildPhase;
			buildActionMask = 2147483647;
			files = (
			);
			runOnlyForDeploymentPostprocessing = 0;
		};
/* End PBXFrameworksBuildPhase section */

/* Begin PBXGroup section */
		68B26AF51D1931B100B5D891 = {
			isa = PBXGroup;
			children = (
				68B26B001D1931B100B5D891 /* 通讯录右侧字母点击效果 */,
				68B26B1A1D1931B100B5D891 /* 通讯录右侧字母点击效果Tests */,
				68B26B251D1931B100B5D891 /* 通讯录右侧字母点击效果UITests */,
				68B26AFF1D1931B100B5D891 /* Products */,
			);
			sourceTree = "<group>";
		};
		68B26AFF1D1931B100B5D891 /* Products */ = {
			isa = PBXGroup;
			children = (
				68B26AFE1D1931B100B5D891 /* 通讯录右侧字母点击效果.app */,
				68B26B171D1931B100B5D891 /* 通讯录右侧字母点击效果Tests.xctest */,
				68B26B221D1931B100B5D891 /* 通讯录右侧字母点击效果UITests.xctest */,
			);
			name = Products;
			sourceTree = "<group>";
		};
		68B26B001D1931B100B5D891 /* 通讯录右侧字母点击效果 */ = {
			isa = PBXGroup;
			children = (
				68B26B041D1931B100B5D891 /* AppDelegate.h */,
				68B26B051D1931B100B5D891 /* AppDelegate.m */,
				68B26B071D1931B100B5D891 /* ViewController.h */,
				68B26B081D1931B100B5D891 /* ViewController.m */,
				68B26B341D1931F800B5D891 /* PeopleNumber.plist */,
				68B26B0A1D1931B100B5D891 /* Main.storyboard */,
				68B26B0D1D1931B100B5D891 /* Assets.xcassets */,
				68B26B0F1D1931B100B5D891 /* LaunchScreen.storyboard */,
				68B26B121D1931B100B5D891 /* Info.plist */,
				68B26B011D1931B100B5D891 /* Supporting Files */,
			);
			path = "通讯录右侧字母点击效果";
			sourceTree = "<group>";
		};
		68B26B011D1931B100B5D891 /* Supporting Files */ = {
			isa = PBXGroup;
			children = (
				68B26B021D1931B100B5D891 /* main.m */,
			);
			name = "Supporting Files";
			sourceTree = "<group>";
		};
		68B26B1A1D1931B100B5D891 /* 通讯录右侧字母点击效果Tests */ = {
			isa = PBXGroup;
			children = (
				68B26B1B1D1931B100B5D891 /* ___________Tests.m */,
				68B26B1D1D1931B100B5D891 /* Info.plist */,
			);
			path = "通讯录右侧字母点击效果Tests";
			sourceTree = "<group>";
		};
		68B26B251D1931B100B5D891 /* 通讯录右侧字母点击效果UITests */ = {
			isa = PBXGroup;
			children = (
				68B26B261D1931B100B5D891 /* ___________UITests.m */,
				68B26B281D1931B100B5D891 /* Info.plist */,
			);
			path = "通讯录右侧字母点击效果UITests";
			sourceTree = "<group>";
		};
/* End PBXGroup section */

/* Begin PBXNativeTarget section */
		68B26AFD1D1931B100B5D891 /* 通讯录右侧字母点击效果 */ = {
			isa = PBXNativeTarget;
			buildConfigurationList = 68B26B2B1D1931B100B5D891 /* Build configuration list for PBXNativeTarget "通讯录右侧字母点击效果" */;
			buildPhases = (
				68B26AFA1D1931B100B5D891 /* Sources */,
				68B26AFB1D1931B100B5D891 /* Frameworks */,
				68B26AFC1D1931B100B5D891 /* Resources */,
			);
			buildRules = (
			);
			dependencies = (
			);
			name = "通讯录右侧字母点击效果";
			productName = "通讯录右侧字母点击效果";
			productReference = 68B26AFE1D1931B100B5D891 /* 通讯录右侧字母点击效果.app */;
			productType = "com.apple.product-type.application";
		};
		68B26B161D1931B100B5D891 /* 通讯录右侧字母点击效果Tests */ = {
			isa = PBXNativeTarget;
			buildConfigurationList = 68B26B2E1D1931B100B5D891 /* Build configuration list for PBXNativeTarget "通讯录右侧字母点击效果Tests" */;
			buildPhases = (
				68B26B131D1931B100B5D891 /* Sources */,
				68B26B141D1931B100B5D891 /* Frameworks */,
				68B26B151D1931B100B5D891 /* Resources */,
			);
			buildRules = (
			);
			dependencies = (
				68B26B191D1931B100B5D891 /* PBXTargetDependency */,
			);
			name = "通讯录右侧字母点击效果Tests";
			productName = "通讯录右侧字母点击效果Tests";
			productReference = 68B26B171D1931B100B5D891 /* 通讯录右侧字母点击效果Tests.xctest */;
			productType = "com.apple.product-type.bundle.unit-test";
		};
		68B26B211D1931B100B5D891 /* 通讯录右侧字母点击效果UITests */ = {
			isa = PBXNativeTarget;
			buildConfigurationList = 68B26B311D1931B100B5D891 /* Build configuration list for PBXNativeTarget "通讯录右侧字母点击效果UITests" */;
			buildPhases = (
				68B26B1E1D1931B100B5D891 /* Sources */,
				68B26B1F1D1931B100B5D891 /* Frameworks */,
				68B26B201D1931B100B5D891 /* Resources */,
			);
			buildRules = (
			);
			dependencies = (
				68B26B241D1931B100B5D891 /* PBXTargetDependency */,
			);
			name = "通讯录右侧字母点击效果UITests";
			productName = "通讯录右侧字母点击效果UITests";
			productReference = 68B26B221D1931B100B5D891 /* 通讯录右侧字母点击效果UITests.xctest */;
			productType = "com.apple.product-type.bundle.ui-testing";
		};
/* End PBXNativeTarget section */

/* Begin PBXProject section */
		68B26AF61D1931B100B5D891 /* Project object */ = {
			isa = PBXProject;
			attributes = {
				LastUpgradeCheck = 0730;
				ORGANIZATIONNAME = CodingFire;
				TargetAttributes = {
					68B26AFD1D1931B100B5D891 = {
						CreatedOnToolsVersion = 7.3.1;
					};
					68B26B161D1931B100B5D891 = {
						CreatedOnToolsVersion = 7.3.1;
						TestTargetID = 68B26AFD1D1931B100B5D891;
					};
					68B26B211D1931B100B5D891 = {
						CreatedOnToolsVersion = 7.3.1;
						TestTargetID = 68B26AFD1D1931B100B5D891;
					};
				};
			};
			buildConfigurationList = 68B26AF91D1931B100B5D891 /* Build configuration list for PBXProject "通讯录右侧字母点击效果" */;
			compatibilityVersion = "Xcode 3.2";
			developmentRegion = English;
			hasScannedForEncodings = 0;
			knownRegions = (
				en,
				Base,
			);
			mainGroup = 68B26AF51D1931B100B5D891;
			productRefGroup = 68B26AFF1D1931B100B5D891 /* Products */;
			projectDirPath = "";
			projectRoot = "";
			targets = (
				68B26AFD1D1931B100B5D891 /* 通讯录右侧字母点击效果 */,
				68B26B161D1931B100B5D891 /* 通讯录右侧字母点击效果Tests */,
				68B26B211D1931B100B5D891 /* 通讯录右侧字母点击效果UITests */,
			);
		};
/* End PBXProject section */

/* Begin PBXResourcesBuildPhase section */
		68B26AFC1D1931B100B5D891 /* Resources */ = {
			isa = PBXResourcesBuildPhase;
			buildActionMask = 2147483647;
			files = (
				68B26B111D1931B100B5D891 /* LaunchScreen.storyboard in Resources */,
				68B26B0E1D1931B100B5D891 /* Assets.xcassets in Resources */,
				68B26B351D1931F800B5D891 /* PeopleNumber.plist in Resources */,
				68B26B0C1D1931B100B5D891 /* Main.storyboard in Resources */,
			);
			runOnlyForDeploymentPostprocessing = 0;
		};
		68B26B151D1931B100B5D891 /* Resources */ = {
			isa = PBXResourcesBuildPhase;
			buildActionMask = 2147483647;
			files = (
			);
			runOnlyForDeploymentPostprocessing = 0;
		};
		68B26B201D1931B100B5D891 /* Resources */ = {
			isa = PBXResourcesBuildPhase;
			buildActionMask = 2147483647;
			files = (
			);
			runOnlyForDeploymentPostprocessing = 0;
		};
/* End PBXResourcesBuildPhase section */

/* Begin PBXSourcesBuildPhase section */
		68B26AFA1D1931B100B5D891 /* Sources */ = {
			isa = PBXSourcesBuildPhase;
			buildActionMask = 2147483647;
			files = (
				68B26B091D1931B100B5D891 /* ViewController.m in Sources */,
				68B26B061D1931B100B5D891 /* AppDelegate.m in Sources */,
				68B26B031D1931B100B5D891 /* main.m in Sources */,
			);
			runOnlyForDeploymentPostprocessing = 0;
		};
		68B26B131D1931B100B5D891 /* Sources */ = {
			isa = PBXSourcesBuildPhase;
			buildActionMask = 2147483647;
			files = (
				68B26B1C1D1931B100B5D891 /* ___________Tests.m in Sources */,
			);
			runOnlyForDeploymentPostprocessing = 0;
		};
		68B26B1E1D1931B100B5D891 /* Sources */ = {
			isa = PBXSourcesBuildPhase;
			buildActionMask = 2147483647;
			files = (
				68B26B271D1931B100B5D891 /* ___________UITests.m in Sources */,
			);
			runOnlyForDeploymentPostprocessing = 0;
		};
/* End PBXSourcesBuildPhase section */

/* Begin PBXTargetDependency section */
		68B26B191D1931B100B5D891 /* PBXTargetDependency */ = {
			isa = PBXTargetDependency;
			target = 68B26AFD1D1931B100B5D891 /* 通讯录右侧字母点击效果 */;
			targetProxy = 68B26B181D1931B100B5D891 /* PBXContainerItemProxy */;
		};
		68B26B241D1931B100B5D891 /* PBXTargetDependency */ = {
			isa = PBXTargetDependency;
			target = 68B26AFD1D1931B100B5D891 /* 通讯录右侧字母点击效果 */;
			targetProxy = 68B26B231D1931B100B5D891 /* PBXContainerItemProxy */;
		};
/* End PBXTargetDependency section */

/* Begin PBXVariantGroup section */
		68B26B0A1D1931B100B5D891 /* Main.storyboard */ = {
			isa = PBXVariantGroup;
			children = (
				68B26B0B1D1931B100B5D891 /* Base */,
			);
			name = Main.storyboard;
			sourceTree = "<group>";
		};
		68B26B0F1D1931B100B5D891 /* LaunchScreen.storyboard */ = {
			isa = PBXVariantGroup;
			children = (
				68B26B101D1931B100B5D891 /* Base */,
			);
			name = LaunchScreen.storyboard;
			sourceTree = "<group>";
		};
/* End PBXVariantGroup section */

/* Begin XCBuildConfiguration section */
		68B26B291D1931B100B5D891 /* Debug */ = {
			isa = XCBuildConfiguration;
			buildSettings = {
				ALWAYS_SEARCH_USER_PATHS = NO;
				CLANG_ANALYZER_NONNULL = YES;
				CLANG_CXX_LANGUAGE_STANDARD = "gnu++0x";
				CLANG_CXX_LIBRARY = "libc++";
				CLANG_ENABLE_MODULES = YES;
				CLANG_ENABLE_OBJC_ARC = YES;
				CLANG_WARN_BOOL_CONVERSION = YES;
				CLANG_WARN_CONSTANT_CONVERSION = YES;
				CLANG_WARN_DIRECT_OBJC_ISA_USAGE = YES_ERROR;
				CLANG_WARN_EMPTY_BODY = YES;
				CLANG_WARN_ENUM_CONVERSION = YES;
				CLANG_WARN_INT_CONVERSION = YES;
				CLANG_WARN_OBJC_ROOT_CLASS = YES_ERROR;
				CLANG_WARN_UNREACHABLE_CODE = YES;
				CLANG_WARN__DUPLICATE_METHOD_MATCH = YES;
				"CODE_SIGN_IDENTITY[sdk=iphoneos*]" = "iPhone Developer";
				COPY_PHASE_STRIP = NO;
				DEBUG_INFORMATION_FORMAT = dwarf;
				ENABLE_STRICT_OBJC_MSGSEND = YES;
				ENABLE_TESTABILITY = YES;
				GCC_C_LANGUAGE_STANDARD = gnu99;
				GCC_DYNAMIC_NO_PIC = NO;
				GCC_NO_COMMON_BLOCKS = YES;
				GCC_OPTIMIZATION_LEVEL = 0;
				GCC_PREPROCESSOR_DEFINITIONS = (
					"DEBUG=1",
					"$(inherited)",
				);
				GCC_WARN_64_TO_32_BIT_CONVERSION = YES;
				GCC_WARN_ABOUT_RETURN_TYPE = YES_ERROR;
				GCC_WARN_UNDECLARED_SELECTOR = YES;
				GCC_WARN_UNINITIALIZED_AUTOS = YES_AGGRESSIVE;
				GCC_WARN_UNUSED_FUNCTION = YES;
				GCC_WARN_UNUSED_VARIABLE = YES;
				IPHONEOS_DEPLOYMENT_TARGET = 9.3;
				MTL_ENABLE_DEBUG_INFO = YES;
				ONLY_ACTIVE_ARCH = YES;
				SDKROOT = iphoneos;
			};
			name = Debug;
		};
		68B26B2A1D1931B100B5D891 /* Release */ = {
			isa = XCBuildConfiguration;
			buildSettings = {
				ALWAYS_SEARCH_USER_PATHS = NO;
				CLANG_ANALYZER_NONNULL = YES;
				CLANG_CXX_LANGUAGE_STANDARD = "gnu++0x";
				CLANG_CXX_LIBRARY = "libc++";
				CLANG_ENABLE_MODULES = YES;
				CLANG_ENABLE_OBJC_ARC = YES;
				CLANG_WARN_BOOL_CONVERSION = YES;
				CLANG_WARN_CONSTANT_CONVERSION = YES;
				CLANG_WARN_DIRECT_OBJC_ISA_USAGE = YES_ERROR;
				CLANG_WARN_EMPTY_BODY = YES;
				CLANG_WARN_ENUM_CONVERSION = YES;
				CLANG_WARN_INT_CONVERSION = YES;
				CLANG_WARN_OBJC_ROOT_CLASS = YES_ERROR;
				CLANG_WARN_UNREACHABLE_CODE = YES;
				CLANG_WARN__DUPLICATE_METHOD_MATCH = YES;
				"CODE_SIGN_IDENTITY[sdk=iphoneos*]" = "iPhone Developer";
				COPY_PHASE_STRIP = NO;
				DEBUG_INFORMATION_FORMAT = "dwarf-with-dsym";
				ENABLE_NS_ASSERTIONS = NO;
				ENABLE_STRICT_OBJC_MSGSEND = YES;
				GCC_C_LANGUAGE_STANDARD = gnu99;
				GCC_NO_COMMON_BLOCKS = YES;
				GCC_WARN_64_TO_32_BIT_CONVERSION = YES;
				GCC_WARN_ABOUT_RETURN_TYPE = YES_ERROR;
				GCC_WARN_UNDECLARED_SELECTOR = YES;
				GCC_WARN_UNINITIALIZED_AUTOS = YES_AGGRESSIVE;
				GCC_WARN_UNUSED_FUNCTION = YES;
				GCC_WARN_UNUSED_VARIABLE = YES;
				IPHONEOS_DEPLOYMENT_TARGET = 9.3;
				MTL_ENABLE_DEBUG_INFO = NO;
				SDKROOT = iphoneos;
				VALIDATE_PRODUCT = YES;
			};
			name = Release;
		};
		68B26B2C1D1931B100B5D891 /* Debug */ = {
			isa = XCBuildConfiguration;
			buildSettings = {
				ASSETCATALOG_COMPILER_APPICON_NAME = AppIcon;
				INFOPLIST_FILE = "通讯录右侧字母点击效果/Info.plist";
				LD_RUNPATH_SEARCH_PATHS = "$(inherited) @executable_path/Frameworks";
				PRODUCT_BUNDLE_IDENTIFIER = "Codeliu.-----------";
				PRODUCT_NAME = "$(TARGET_NAME)";
			};
			name = Debug;
		};
		68B26B2D1D1931B100B5D891 /* Release */ = {
			isa = XCBuildConfiguration;
			buildSettings = {
				ASSETCATALOG_COMPILER_APPICON_NAME = AppIcon;
				INFOPLIST_FILE = "通讯录右侧字母点击效果/Info.plist";
				LD_RUNPATH_SEARCH_PATHS = "$(inherited) @executable_path/Frameworks";
				PRODUCT_BUNDLE_IDENTIFIER = "Codeliu.-----------";
				PRODUCT_NAME = "$(TARGET_NAME)";
			};
			name = Release;
		};
		68B26B2F1D1931B100B5D891 /* Debug */ = {
			isa = XCBuildConfiguration;
			buildSettings = {
				BUNDLE_LOADER = "$(TEST_HOST)";
				INFOPLIST_FILE = "通讯录右侧字母点击效果Tests/Info.plist";
				LD_RUNPATH_SEARCH_PATHS = "$(inherited) @executable_path/Frameworks @loader_path/Frameworks";
				PRODUCT_BUNDLE_IDENTIFIER = "Codeliu.-----------Tests";
				PRODUCT_NAME = "$(TARGET_NAME)";
				TEST_HOST = "$(BUILT_PRODUCTS_DIR)/通讯录右侧字母点击效果.app/通讯录右侧字母点击效果";
			};
			name = Debug;
		};
		68B26B301D1931B100B5D891 /* Release */ = {
			isa = XCBuildConfiguration;
			buildSettings = {
				BUNDLE_LOADER = "$(TEST_HOST)";
				INFOPLIST_FILE = "通讯录右侧字母点击效果Tests/Info.plist";
				LD_RUNPATH_SEARCH_PATHS = "$(inherited) @executable_path/Frameworks @loader_path/Frameworks";
				PRODUCT_BUNDLE_IDENTIFIER = "Codeliu.-----------Tests";
				PRODUCT_NAME = "$(TARGET_NAME)";
				TEST_HOST = "$(BUILT_PRODUCTS_DIR)/通讯录右侧字母点击效果.app/通讯录右侧字母点击效果";
			};
			name = Release;
		};
		68B26B321D1931B100B5D891 /* Debug */ = {
			isa = XCBuildConfiguration;
			buildSettings = {
				INFOPLIST_FILE = "通讯录右侧字母点击效果UITests/Info.plist";
				LD_RUNPATH_SEARCH_PATHS = "$(inherited) @executable_path/Frameworks @loader_path/Frameworks";
				PRODUCT_BUNDLE_IDENTIFIER = "Codeliu.-----------UITests";
				PRODUCT_NAME = "$(TARGET_NAME)";
				TEST_TARGET_NAME = "通讯录右侧字母点击效果";
			};
			name = Debug;
		};
		68B26B331D1931B100B5D891 /* Release */ = {
			isa = XCBuildConfiguration;
			buildSettings = {
				INFOPLIST_FILE = "通讯录右侧字母点击效果UITests/Info.plist";
				LD_RUNPATH_SEARCH_PATHS = "$(inherited) @executable_path/Frameworks @loader_path/Frameworks";
				PRODUCT_BUNDLE_IDENTIFIER = "Codeliu.-----------UITests";
				PRODUCT_NAME = "$(TARGET_NAME)";
				TEST_TARGET_NAME = "通讯录右侧字母点击效果";
			};
			name = Release;
		};
/* End XCBuildConfiguration section */

/* Begin XCConfigurationList section */
		68B26AF91D1931B100B5D891 /* Build configuration list for PBXProject "通讯录右侧字母点击效果" */ = {
			isa = XCConfigurationList;
			buildConfigurations = (
				68B26B291D1931B100B5D891 /* Debug */,
				68B26B2A1D1931B100B5D891 /* Release */,
			);
			defaultConfigurationIsVisible = 0;
			defaultConfigurationName = Release;
		};
		68B26B2B1D1931B100B5D891 /* Build configuration list for PBXNativeTarget "通讯录右侧字母点击效果" */ = {
			isa = XCConfigurationList;
			buildConfigurations = (
				68B26B2C1D1931B100B5D891 /* Debug */,
				68B26B2D1D1931B100B5D891 /* Release */,
			);
			defaultConfigurationIsVisible = 0;
		};
		68B26B2E1D1931B100B5D891 /* Build configuration list for PBXNativeTarget "通讯录右侧字母点击效果Tests" */ = {
			isa = XCConfigurationList;
			buildConfigurations = (
				68B26B2F1D1931B100B5D891 /* Debug */,
				68B26B301D1931B100B5D891 /* Release */,
			);
			defaultConfigurationIsVisible = 0;
		};
		68B26B311D1931B100B5D891 /* Build configuration list for PBXNativeTarget "通讯录右侧字母点击效果UITests" */ = {
			isa = XCConfigurationList;
			buildConfigurations = (
				68B26B321D1931B100B5D891 /* Debug */,
				68B26B331D1931B100B5D891 /* Release */,
			);
			defaultConfigurationIsVisible = 0;
		};
/* End XCConfigurationList section */
	};
	rootObject = 68B26AF61D1931B100B5D891 /* Project object */;
}
